
Microsoft Visual Studio Solution File, Format Version 12.00
# Visual Studio Version 17
VisualStudioVersion = 17.0.31919.166
MinimumVisualStudioVersion = 10.0.40219.1
Project("{9A19103F-16F7-4668-BE54-9A1E7A4F7556}") = "MhLabs.PubSubExtensions", "MhLabs.PubSubExtensions\MhLabs.PubSubExtensions.csproj", "{04E5E7E7-EFA3-4DEF-A8A3-93C64972112C}"
EndProject
Project("{9A19103F-16F7-4668-BE54-9A1E7A4F7556}") = "MhLabs.PubSubExtensions.Tests", "MhLabs.PubSubExtensions.Tests\MhLabs.PubSubExtensions.Tests.csproj", "{2C73B989-1D98-4EA8-8093-0DBAF947B75F}"
EndProject
Project("{2150E333-8FDC-42A3-9474-1A3956D46DE8}") = "Solution Items", "Solution Items", "{DF026519-102D-4C19-B295-63B4CDBDA3A2}"
	ProjectSection(SolutionItems) = preProject
		.github\workflows\publish.yml = .github\workflows\publish.yml
		README.md = README.md
	EndProjectSection
EndProject
Global
	GlobalSection(SolutionConfigurationPlatforms) = preSolution
		Debug|Any CPU = Debug|Any CPU
		Release|Any CPU = Release|Any CPU
	EndGlobalSection
	GlobalSection(ProjectConfigurationPlatforms) = postSolution
		{04E5E7E7-EFA3-4DEF-A8A3-93C64972112C}.Debug|Any CPU.ActiveCfg = Debug|Any CPU
		{04E5E7E7-EFA3-4DEF-A8A3-93C64972112C}.Debug|Any CPU.Build.0 = Debug|Any CPU
		{04E5E7E7-EFA3-4DEF-A8A3-93C64972112C}.Release|Any CPU.ActiveCfg = Release|Any CPU
		{04E5E7E7-EFA3-4DEF-A8A3-93C64972112C}.Release|Any CPU.Build.0 = Release|Any CPU
		{2C73B989-1D98-4EA8-8093-0DBAF947B75F}.Debug|Any CPU.ActiveCfg = Debug|Any CPU
		{2C73B989-1D98-4EA8-8093-0DBAF947B75F}.Debug|Any CPU.Build.0 = Debug|Any CPU
		{2C73B989-1D98-4EA8-8093-0DBAF947B75F}.Release|Any CPU.ActiveCfg = Release|Any CPU
		{2C73B989-1D98-4EA8-8093-0DBAF947B75F}.Release|Any CPU.Build.0 = Release|Any CPU
	EndGlobalSection
	GlobalSection(SolutionProperties) = preSolution
		HideSolutionNode = FALSE
	EndGlobalSection
	GlobalSection(ExtensibilityGlobals) = postSolution
		SolutionGuid = {B31D3685-DAED-4E47-97FC-F09F4BC69DF6}
	EndGlobalSection
EndGlobal
